
Microsoft Visual Studio Solution File, Format Version 12.00
# Visual Studio 15
VisualStudioVersion = 15.0.28010.2048
MinimumVisualStudioVersion = 10.0.40219.1
Project("{888888A0-9F3D-457C-B088-3A5042F75D52}") = "ConsensusPKI", "ConsensusPKI\ConsensusPKI.pyproj", "{4B8ED9B1-FDE8-4BD2-8783-009BEBFBCBBA}"
EndProject
Global
	GlobalSection(SolutionConfigurationPlatforms) = preSolution
		Debug|Any CPU = Debug|Any CPU
		Release|Any CPU = Release|Any CPU
	EndGlobalSection
	GlobalSection(ProjectConfigurationPlatforms) = postSolution
		{4B8ED9B1-FDE8-4BD2-8783-009BEBFBCBBA}.Debug|Any CPU.ActiveCfg = Debug|Any CPU
		{4B8ED9B1-FDE8-4BD2-8783-009BEBFBCBBA}.Release|Any CPU.ActiveCfg = Release|Any CPU
	EndGlobalSection
	GlobalSection(SolutionProperties) = preSolution
		HideSolutionNode = FALSE
	EndGlobalSection
	GlobalSection(ExtensibilityGlobals) = postSolution
		SolutionGuid = {FDB9D3E4-8F5C-49B1-86C6-CFBF28DE518C}
	EndGlobalSection
EndGlobal
